dependencies:
- name: elasticsearch
  repository: https://giantswarm.github.com/sample-catalog
  version: 0.1.7
- name: fluentd-elasticsearch
  repository: https://giantswarm.github.com/sample-catalog
  version: 0.1.3
- name: kibana
  repository: https://giantswarm.github.com/sample-catalog
  version: 0.1.4
- name: keycloak-gatekeeper
  repository: https://giantswarm.github.com/sample-catalog
  version: 1.1.1-2
- name: elasticsearch-exporter
  repository: https://giantswarm.github.com/sample-catalog
  version: 0.1.0
digest: sha256:95ccd384b9c6c67a061c4ce2b14b31b65a06da6971b7db6e81c10012336b3ff6
generated: 2019-05-29T13:12:34.706457576+02:00
